github.com/bodrovis/lokalise-actions-common/v2 v2.15.0 h1:OKjgnKhUBUDGmZRWfYWVPhUZDOO41WD8Ih4ce/YM648=
github.com/bodrovis/lokalise-actions-common/v2 v2.15.0/go.mod h1:xWqh886dq9hAOJAdB8F2dkkibLHtXRYMvlyJSgaU8Kw=
github.com/bodrovis/lokex/v2 v2.3.1 h1:MOqCmx70bBGbBLBzZk7iqJa17qvFJSEsjPrYTazG3/A=
github.com/bodrovis/lokex/v2 v2.3.1/go.mod h1:ufxzD/VsZDv4jZMek71xYXbhadqkS1DJSz0XL5xspe8=
github.com/jarcoal/httpmock v1.4.1 h1:0Ju+VCFuARfFlhVXFc2HxlcQkfB+Xq12/EotHko+x2A=
github.com/jarcoal/httpmock v1.4.1/go.mod h1:ftW1xULwo+j0R0JJkJIIi7UKigZUXCLLanykgjwBXL0=
github.com/joho/godotenv v1.5.1 h1:7eLL/+HRGLY0ldzfGMeQkb7vMd0as4CfYvUVzLqw0N0=
github.com/joho/godotenv v1.5.1/go.mod h1:f4LDr5Voq0i2e/R5DDNOoa2zzDfwtkZa6DnEwAbqwq4=
go.yaml.in/yaml/v4 v4.0.0-rc.6 h1:1h7H1ohdUh93/FyE4YaDa1Zh64K6VVbjF4K6WUxMtH4=
go.yaml.in/yaml/v4 v4.0.0-rc.6/go.mod h1:aZqd9kCMsGL7AuUv/m/PvWLdg5sjJsZ4oHDEnfPPfY0=
golang.org/x/sync v0.21.0 h1:HLII4xRRTtCRkxYp4HNFF0Js/Og6q2i++KXbg0gHCwM=
golang.org/x/sync v0.21.0/go.mod h1:9xrNwdLfx4jkKbNva9FpL6vEN7evnE43NNNJQ2LF3+0=
