github.com/bodrovis/lokalise-actions-common/v2 v2.13.0 h1:d6swykucMsVvnoqkZiXodTqQXA74t31DUIgJYc3XIIQ=
github.com/bodrovis/lokalise-actions-common/v2 v2.13.0/go.mod h1:cbR3m7xOm6Idv7F0xeyPame5vDpbDCD2VwUAXHf6DGk=
github.com/bodrovis/lokex/v2 v2.3.0 h1:hgdkKEySVthY8PP6QuNnyrxY5sSBKMl7jNt0sN+/6r0=
github.com/bodrovis/lokex/v2 v2.3.0/go.mod h1:cj+UkLkaG6Q9bhdah62G2EDGMpS/Awi3/ANkVn2LR6g=
github.com/jarcoal/httpmock v1.4.1 h1:0Ju+VCFuARfFlhVXFc2HxlcQkfB+Xq12/EotHko+x2A=
github.com/jarcoal/httpmock v1.4.1/go.mod h1:ftW1xULwo+j0R0JJkJIIi7UKigZUXCLLanykgjwBXL0=
github.com/joho/godotenv v1.5.1 h1:7eLL/+HRGLY0ldzfGMeQkb7vMd0as4CfYvUVzLqw0N0=
github.com/joho/godotenv v1.5.1/go.mod h1:f4LDr5Voq0i2e/R5DDNOoa2zzDfwtkZa6DnEwAbqwq4=
go.yaml.in/yaml/v4 v4.0.0-rc.4 h1:UP4+v6fFrBIb1l934bDl//mmnoIZEDK0idg1+AIvX5U=
go.yaml.in/yaml/v4 v4.0.0-rc.4/go.mod h1:aZqd9kCMsGL7AuUv/m/PvWLdg5sjJsZ4oHDEnfPPfY0=
golang.org/x/sync v0.20.0 h1:e0PTpb7pjO8GAtTs2dQ6jYa5BWYlMuX047Dco/pItO4=
golang.org/x/sync v0.20.0/go.mod h1:9xrNwdLfx4jkKbNva9FpL6vEN7evnE43NNNJQ2LF3+0=
